
Microsoft Visual Studio Solution File, Format Version 12.00
# Visual Studio Version 17
VisualStudioVersion = 17.11.35327.3
MinimumVisualStudioVersion = 10.0.40219.1
Project("{9A19103F-16F7-4668-BE54-9A1E7A4F7556}") = "Steam Checker", "Steam Checker.csproj", "{455F63DA-23A4-404B-8727-17E8CED243E0}"
EndProject
Global
	GlobalSection(SolutionConfigurationPlatforms) = preSolution
		Debug|Any CPU = Debug|Any CPU
		Release|Any CPU = Release|Any CPU
	EndGlobalSection
	GlobalSection(ProjectConfigurationPlatforms) = postSolution
		{455F63DA-23A4-404B-8727-17E8CED243E0}.Debug|Any CPU.ActiveCfg = Debug|Any CPU
		{455F63DA-23A4-404B-8727-17E8CED243E0}.Debug|Any CPU.Build.0 = Debug|Any CPU
		{455F63DA-23A4-404B-8727-17E8CED243E0}.Release|Any CPU.ActiveCfg = Release|Any CPU
		{455F63DA-23A4-404B-8727-17E8CED243E0}.Release|Any CPU.Build.0 = Release|Any CPU
	EndGlobalSection
	GlobalSection(SolutionProperties) = preSolution
		HideSolutionNode = FALSE
	EndGlobalSection
	GlobalSection(ExtensibilityGlobals) = postSolution
		SolutionGuid = {3E34CF62-0455-44E1-819E-C49F9388822D}
	EndGlobalSection
EndGlobal
